
Microsoft Visual Studio Solution File, Format Version 12.00
# Visual Studio Version 16
VisualStudioVersion = 16.0.31424.327
MinimumVisualStudioVersion = 10.0.40219.1
Project("{FAE04EC0-301F-11D3-BF4B-00C04F79EFBC}") = "UserMaintenance", "UserMaintenance\UserMaintenance.csproj", "{A271630D-D20A-4B45-A7DB-C6534EDD2D94}"
EndProject
Global
	GlobalSection(SolutionConfigurationPlatforms) = preSolution
		Debug|Any CPU = Debug|Any CPU
		Release|Any CPU = Release|Any CPU
	EndGlobalSection
	GlobalSection(ProjectConfigurationPlatforms) = postSolution
		{A271630D-D20A-4B45-A7DB-C6534EDD2D94}.Debug|Any CPU.ActiveCfg = Debug|Any CPU
		{A271630D-D20A-4B45-A7DB-C6534EDD2D94}.Debug|Any CPU.Build.0 = Debug|Any CPU
		{A271630D-D20A-4B45-A7DB-C6534EDD2D94}.Release|Any CPU.ActiveCfg = Release|Any CPU
		{A271630D-D20A-4B45-A7DB-C6534EDD2D94}.Release|Any CPU.Build.0 = Release|Any CPU
	EndGlobalSection
	GlobalSection(SolutionProperties) = preSolution
		HideSolutionNode = FALSE
	EndGlobalSection
	GlobalSection(ExtensibilityGlobals) = postSolution
		SolutionGuid = {EB83E469-946D-4C49-BA02-2D7A0DE2A21B}
	EndGlobalSection
EndGlobal
