
Microsoft Visual Studio Solution File, Format Version 12.00
# Visual Studio Version 16
VisualStudioVersion = 16.0.31424.327
MinimumVisualStudioVersion = 10.0.40219.1
Project("{FAE04EC0-301F-11D3-BF4B-00C04F79EFBC}") = "VaR", "VaR\VaR.csproj", "{6F69AC8F-D8F0-47FF-9ECC-0CD86AADE5A4}"
EndProject
Global
	GlobalSection(SolutionConfigurationPlatforms) = preSolution
		Debug|Any CPU = Debug|Any CPU
		Release|Any CPU = Release|Any CPU
	EndGlobalSection
	GlobalSection(ProjectConfigurationPlatforms) = postSolution
		{6F69AC8F-D8F0-47FF-9ECC-0CD86AADE5A4}.Debug|Any CPU.ActiveCfg = Debug|Any CPU
		{6F69AC8F-D8F0-47FF-9ECC-0CD86AADE5A4}.Debug|Any CPU.Build.0 = Debug|Any CPU
		{6F69AC8F-D8F0-47FF-9ECC-0CD86AADE5A4}.Release|Any CPU.ActiveCfg = Release|Any CPU
		{6F69AC8F-D8F0-47FF-9ECC-0CD86AADE5A4}.Release|Any CPU.Build.0 = Release|Any CPU
	EndGlobalSection
	GlobalSection(SolutionProperties) = preSolution
		HideSolutionNode = FALSE
	EndGlobalSection
	GlobalSection(ExtensibilityGlobals) = postSolution
		SolutionGuid = {A6A537A0-D467-4060-B76F-1EF3BBAFC358}
	EndGlobalSection
EndGlobal
