
Microsoft Visual Studio Solution File, Format Version 12.00
# Visual Studio Version 16
VisualStudioVersion = 16.0.31424.327
MinimumVisualStudioVersion = 10.0.40219.1
Project("{FAE04EC0-301F-11D3-BF4B-00C04F79EFBC}") = "Webszolgaltatas", "Webszolgaltatas\Webszolgaltatas.csproj", "{407F5DC5-D86D-49F1-A270-6B9C6981B8DB}"
EndProject
Global
	GlobalSection(SolutionConfigurationPlatforms) = preSolution
		Debug|Any CPU = Debug|Any CPU
		Release|Any CPU = Release|Any CPU
	EndGlobalSection
	GlobalSection(ProjectConfigurationPlatforms) = postSolution
		{407F5DC5-D86D-49F1-A270-6B9C6981B8DB}.Debug|Any CPU.ActiveCfg = Debug|Any CPU
		{407F5DC5-D86D-49F1-A270-6B9C6981B8DB}.Debug|Any CPU.Build.0 = Debug|Any CPU
		{407F5DC5-D86D-49F1-A270-6B9C6981B8DB}.Release|Any CPU.ActiveCfg = Release|Any CPU
		{407F5DC5-D86D-49F1-A270-6B9C6981B8DB}.Release|Any CPU.Build.0 = Release|Any CPU
	EndGlobalSection
	GlobalSection(SolutionProperties) = preSolution
		HideSolutionNode = FALSE
	EndGlobalSection
	GlobalSection(ExtensibilityGlobals) = postSolution
		SolutionGuid = {C38E56DB-963D-4D9D-AA5A-773E0B2B42AD}
	EndGlobalSection
EndGlobal
